
Microsoft Visual Studio Solution File, Format Version 12.00
# Visual Studio Version 17
VisualStudioVersion = 17.14.36327.8 d17.14
MinimumVisualStudioVersion = 10.0.40219.1
Project("{FAE04EC0-301F-11D3-BF4B-00C04F79EFBC}") = "MilitaryOperationAPI", "MilitaryOperationAPI\MilitaryOperationAPI.csproj", "{A7B4131F-4529-4CFB-8EBA-1B0A9D891F2E}"
EndProject
Global
	GlobalSection(SolutionConfigurationPlatforms) = preSolution
		Debug|Any CPU = Debug|Any CPU
		Release|Any CPU = Release|Any CPU
	EndGlobalSection
	GlobalSection(ProjectConfigurationPlatforms) = postSolution
		{A7B4131F-4529-4CFB-8EBA-1B0A9D891F2E}.Debug|Any CPU.ActiveCfg = Debug|Any CPU
		{A7B4131F-4529-4CFB-8EBA-1B0A9D891F2E}.Debug|Any CPU.Build.0 = Debug|Any CPU
		{A7B4131F-4529-4CFB-8EBA-1B0A9D891F2E}.Release|Any CPU.ActiveCfg = Release|Any CPU
		{A7B4131F-4529-4CFB-8EBA-1B0A9D891F2E}.Release|Any CPU.Build.0 = Release|Any CPU
	EndGlobalSection
	GlobalSection(SolutionProperties) = preSolution
		HideSolutionNode = FALSE
	EndGlobalSection
	GlobalSection(ExtensibilityGlobals) = postSolution
		SolutionGuid = {A82F7C67-0056-4F59-9018-760F8C3B60D6}
	EndGlobalSection
EndGlobal
